// !$*UTF8*$!
{
	archiveVersion = 1;
	classes = {
	};
	objectVersion = 48;
	objects = {

/* Begin PBXBuildFile section */
		2EC548A71FB6F463003E3988 /* GoogleService-Info.plist in Resources */ = {isa = PBXBuildFile; fileRef = 2EC548A61FB6F463003E3988 /* GoogleService-Info.plist */; };
		469155951861FC0089626730 /* Pods_StockWithPartnerTests.framework in Frameworks */ = {isa = PBXBuildFile; fileRef = FE58F50BB7AF1A19E7BE335C /* Pods_StockWithPartnerTests.framework */; };
		AC4C5E5B1FB6EA57009A854C /* AppDelegate.swift in Sources */ = {isa = PBXBuildFile; fileRef = AC4C5E5A1FB6EA57009A854C /* AppDelegate.swift */; };
		AC4C5E601FB6EA57009A854C /* Main.storyboard in Resources */ = {isa = PBXBuildFile; fileRef = AC4C5E5E1FB6EA57009A854C /* Main.storyboard */; };
		AC4C5E621FB6EA57009A854C /* Assets.xcassets in Resources */ = {isa = PBXBuildFile; fileRef = AC4C5E611FB6EA57009A854C /* Assets.xcassets */; };
		AC4C5E651FB6EA57009A854C /* LaunchScreen.storyboard in Resources */ = {isa = PBXBuildFile; fileRef = AC4C5E631FB6EA57009A854C /* LaunchScreen.storyboard */; };
		AC4C5E701FB6EA57009A854C /* StockWithPartnerTests.swift in Sources */ = {isa = PBXBuildFile; fileRef = AC4C5E6F1FB6EA57009A854C /* StockWithPartnerTests.swift */; };
		AC4C5E7B1FB6EA57009A854C /* StockWithPartnerUITests.swift in Sources */ = {isa = PBXBuildFile; fileRef = AC4C5E7A1FB6EA57009A854C /* StockWithPartnerUITests.swift */; };
		ACF0B7741FB6F83900D24190 /* Login.storyboard in Resources */ = {isa = PBXBuildFile; fileRef = ACF0B7731FB6F83900D24190 /* Login.storyboard */; };
		ACF0B7781FB6F85700D24190 /* PostURL.storyboard in Resources */ = {isa = PBXBuildFile; fileRef = ACF0B7771FB6F85700D24190 /* PostURL.storyboard */; };
		ACF0B77A1FB6F87A00D24190 /* PostDetail.storyboard in Resources */ = {isa = PBXBuildFile; fileRef = ACF0B7791FB6F87A00D24190 /* PostDetail.storyboard */; };
		ACF0B7821FB6F93000D24190 /* LoginViewController.swift in Sources */ = {isa = PBXBuildFile; fileRef = ACF0B7811FB6F93000D24190 /* LoginViewController.swift */; };
		ACF0B7861FB6F96700D24190 /* Home.storyboard in Resources */ = {isa = PBXBuildFile; fileRef = ACF0B7851FB6F96700D24190 /* Home.storyboard */; };
		ACF0B7881FB6F9BE00D24190 /* Setting.storyboard in Resources */ = {isa = PBXBuildFile; fileRef = ACF0B7871FB6F9BE00D24190 /* Setting.storyboard */; };
		ACF0B78A1FB6FA8700D24190 /* MainTabBarController.swift in Sources */ = {isa = PBXBuildFile; fileRef = ACF0B7891FB6FA8700D24190 /* MainTabBarController.swift */; };
		ACF0B78C1FB6FAA500D24190 /* PostURLViewController.swift in Sources */ = {isa = PBXBuildFile; fileRef = ACF0B78B1FB6FAA500D24190 /* PostURLViewController.swift */; };
		ACF0B78E1FB6FAB000D24190 /* PostDetailViewController.swift in Sources */ = {isa = PBXBuildFile; fileRef = ACF0B78D1FB6FAB000D24190 /* PostDetailViewController.swift */; };
		ACF0B7901FB6FAB800D24190 /* SettingViewController.swift in Sources */ = {isa = PBXBuildFile; fileRef = ACF0B78F1FB6FAB800D24190 /* SettingViewController.swift */; };
		ACF0B7921FB6FAEA00D24190 /* HomeViewController.swift in Sources */ = {isa = PBXBuildFile; fileRef = ACF0B7911FB6FAEA00D24190 /* HomeViewController.swift */; };
		ACF0B7941FB6FCC700D24190 /* Pair.storyboard in Resources */ = {isa = PBXBuildFile; fileRef = ACF0B7931FB6FCC700D24190 /* Pair.storyboard */; };
		ACF0B7961FB6FCD900D24190 /* PairViewController.swift in Sources */ = {isa = PBXBuildFile; fileRef = ACF0B7951FB6FCD900D24190 /* PairViewController.swift */; };
		ACF0B7991FB6FED900D24190 /* PostPlaceCell.xib in Resources */ = {isa = PBXBuildFile; fileRef = ACF0B7981FB6FED900D24190 /* PostPlaceCell.xib */; };
		ACF0B79C1FB7004200D24190 /* PostPlaceTableViewCell.swift in Sources */ = {isa = PBXBuildFile; fileRef = ACF0B79B1FB7004200D24190 /* PostPlaceTableViewCell.swift */; };
		B627EA5288E564A6E4FB9CF0 /* Pods_StockWithPartnerUITests.framework in Frameworks */ = {isa = PBXBuildFile; fileRef = 6B751BAA8797DE93E7879603 /* Pods_StockWithPartnerUITests.framework */; };
		BBA43F66F580D7CC65F92092 /* Pods_StockWithPartner.framework in Frameworks */ = {isa = PBXBuildFile; fileRef = 767B3EFAFBB958E0A16EE3D8 /* Pods_StockWithPartner.framework */; };
/* End PBXBuildFile section */

/* Begin PBXContainerItemProxy section */
		AC4C5E6C1FB6EA57009A854C /* PBXContainerItemProxy */ = {
			isa = PBXContainerItemProxy;
			containerPortal = AC4C5E4F1FB6EA57009A854C /* Project object */;
			proxyType = 1;
			remoteGlobalIDString = AC4C5E561FB6EA57009A854C;
			remoteInfo = StockWithPartner;
		};
		AC4C5E771FB6EA57009A854C /* PBXContainerItemProxy */ = {
			isa = PBXContainerItemProxy;
			containerPortal = AC4C5E4F1FB6EA57009A854C /* Project object */;
			proxyType = 1;
			remoteGlobalIDString = AC4C5E561FB6EA57009A854C;
			remoteInfo = StockWithPartner;
		};
/* End PBXContainerItemProxy section */

/* Begin PBXFileReference section */
		08D0BA5FE3E9B8859C78F9B5 /* Pods-StockWithPartner.debug.xcconfig */ = {isa = PBXFileReference; includeInIndex = 1; lastKnownFileType = text.xcconfig; name = "Pods-StockWithPartner.debug.xcconfig"; path = "Pods/Target Support Files/Pods-StockWithPartner/Pods-StockWithPartner.debug.xcconfig"; sourceTree = "<group>"; };
		12C49EAC28678ECA9A196ADF /* Pods-StockWithPartner.release.xcconfig */ = {isa = PBXFileReference; includeInIndex = 1; lastKnownFileType = text.xcconfig; name = "Pods-StockWithPartner.release.xcconfig"; path = "Pods/Target Support Files/Pods-StockWithPartner/Pods-StockWithPartner.release.xcconfig"; sourceTree = "<group>"; };
		2EC548A61FB6F463003E3988 /* GoogleService-Info.plist */ = {isa = PBXFileReference; fileEncoding = 4; lastKnownFileType = text.plist.xml; path = "GoogleService-Info.plist"; sourceTree = "<group>"; };
		6B751BAA8797DE93E7879603 /* Pods_StockWithPartnerUITests.framework */ = {isa = PBXFileReference; explicitFileType = wrapper.framework; includeInIndex = 0; path = Pods_StockWithPartnerUITests.framework; sourceTree = BUILT_PRODUCTS_DIR; };
		6DFDD5E8EC01FE03DB9E6B54 /* Pods-StockWithPartnerTests.release.xcconfig */ = {isa = PBXFileReference; includeInIndex = 1; lastKnownFileType = text.xcconfig; name = "Pods-StockWithPartnerTests.release.xcconfig"; path = "Pods/Target Support Files/Pods-StockWithPartnerTests/Pods-StockWithPartnerTests.release.xcconfig"; sourceTree = "<group>"; };
		767B3EFAFBB958E0A16EE3D8 /* Pods_StockWithPartner.framework */ = {isa = PBXFileReference; explicitFileType = wrapper.framework; includeInIndex = 0; path = Pods_StockWithPartner.framework; sourceTree = BUILT_PRODUCTS_DIR; };
		A0F2EEFEB21D4082763EBB19 /* Pods-StockWithPartnerTests.debug.xcconfig */ = {isa = PBXFileReference; includeInIndex = 1; lastKnownFileType = text.xcconfig; name = "Pods-StockWithPartnerTests.debug.xcconfig"; path = "Pods/Target Support Files/Pods-StockWithPartnerTests/Pods-StockWithPartnerTests.debug.xcconfig"; sourceTree = "<group>"; };
		AC4C5E571FB6EA57009A854C /* StockWithPartner.app */ = {isa = PBXFileReference; explicitFileType = wrapper.application; includeInIndex = 0; path = StockWithPartner.app; sourceTree = BUILT_PRODUCTS_DIR; };
		AC4C5E5A1FB6EA57009A854C /* AppDelegate.swift */ = {isa = PBXFileReference; lastKnownFileType = sourcecode.swift; path = AppDelegate.swift; sourceTree = "<group>"; };
		AC4C5E5F1FB6EA57009A854C /* Base */ = {isa = PBXFileReference; lastKnownFileType = file.storyboard; name = Base; path = Base.lproj/Main.storyboard; sourceTree = "<group>"; };
		AC4C5E611FB6EA57009A854C /* Assets.xcassets */ = {isa = PBXFileReference; lastKnownFileType = folder.assetcatalog; path = Assets.xcassets; sourceTree = "<group>"; };
		AC4C5E641FB6EA57009A854C /* Base */ = {isa = PBXFileReference; lastKnownFileType = file.storyboard; name = Base; path = Base.lproj/LaunchScreen.storyboard; sourceTree = "<group>"; };
		AC4C5E661FB6EA57009A854C /* Info.plist */ = {isa = PBXFileReference; lastKnownFileType = text.plist.xml; path = Info.plist; sourceTree = "<group>"; };
		AC4C5E6B1FB6EA57009A854C /* StockWithPartnerTests.xctest */ = {isa = PBXFileReference; explicitFileType = wrapper.cfbundle; includeInIndex = 0; path = StockWithPartnerTests.xctest; sourceTree = BUILT_PRODUCTS_DIR; };
		AC4C5E6F1FB6EA57009A854C /* StockWithPartnerTests.swift */ = {isa = PBXFileReference; lastKnownFileType = sourcecode.swift; path = StockWithPartnerTests.swift; sourceTree = "<group>"; };
		AC4C5E711FB6EA57009A854C /* Info.plist */ = {isa = PBXFileReference; lastKnownFileType = text.plist.xml; path = Info.plist; sourceTree = "<group>"; };
		AC4C5E761FB6EA57009A854C /* StockWithPartnerUITests.xctest */ = {isa = PBXFileReference; explicitFileType = wrapper.cfbundle; includeInIndex = 0; path = StockWithPartnerUITests.xctest; sourceTree = BUILT_PRODUCTS_DIR; };
		AC4C5E7A1FB6EA57009A854C /* StockWithPartnerUITests.swift */ = {isa = PBXFileReference; lastKnownFileType = sourcecode.swift; path = StockWithPartnerUITests.swift; sourceTree = "<group>"; };
		AC4C5E7C1FB6EA57009A854C /* Info.plist */ = {isa = PBXFileReference; lastKnownFileType = text.plist.xml; path = Info.plist; sourceTree = "<group>"; };
		ACF0B7731FB6F83900D24190 /* Login.storyboard */ = {isa = PBXFileReference; lastKnownFileType = file.storyboard; path = Login.storyboard; sourceTree = "<group>"; };
		ACF0B7771FB6F85700D24190 /* PostURL.storyboard */ = {isa = PBXFileReference; lastKnownFileType = file.storyboard; path = PostURL.storyboard; sourceTree = "<group>"; };
		ACF0B7791FB6F87A00D24190 /* PostDetail.storyboard */ = {isa = PBXFileReference; lastKnownFileType = file.storyboard; path = PostDetail.storyboard; sourceTree = "<group>"; };
		ACF0B7811FB6F93000D24190 /* LoginViewController.swift */ = {isa = PBXFileReference; lastKnownFileType = sourcecode.swift; path = LoginViewController.swift; sourceTree = "<group>"; };
		ACF0B7851FB6F96700D24190 /* Home.storyboard */ = {isa = PBXFileReference; lastKnownFileType = file.storyboard; path = Home.storyboard; sourceTree = "<group>"; };
		ACF0B7871FB6F9BE00D24190 /* Setting.storyboard */ = {isa = PBXFileReference; lastKnownFileType = file.storyboard; path = Setting.storyboard; sourceTree = "<group>"; };
		ACF0B7891FB6FA8700D24190 /* MainTabBarController.swift */ = {isa = PBXFileReference; lastKnownFileType = sourcecode.swift; path = MainTabBarController.swift; sourceTree = "<group>"; };
		ACF0B78B1FB6FAA500D24190 /* PostURLViewController.swift */ = {isa = PBXFileReference; lastKnownFileType = sourcecode.swift; path = PostURLViewController.swift; sourceTree = "<group>"; };
		ACF0B78D1FB6FAB000D24190 /* PostDetailViewController.swift */ = {isa = PBXFileReference; lastKnownFileType = sourcecode.swift; path = PostDetailViewController.swift; sourceTree = "<group>"; };
		ACF0B78F1FB6FAB800D24190 /* SettingViewController.swift */ = {isa = PBXFileReference; lastKnownFileType = sourcecode.swift; path = SettingViewController.swift; sourceTree = "<group>"; };
		ACF0B7911FB6FAEA00D24190 /* HomeViewController.swift */ = {isa = PBXFileReference; lastKnownFileType = sourcecode.swift; path = HomeViewController.swift; sourceTree = "<group>"; };
		ACF0B7931FB6FCC700D24190 /* Pair.storyboard */ = {isa = PBXFileReference; lastKnownFileType = file.storyboard; path = Pair.storyboard; sourceTree = "<group>"; };
		ACF0B7951FB6FCD900D24190 /* PairViewController.swift */ = {isa = PBXFileReference; lastKnownFileType = sourcecode.swift; path = PairViewController.swift; sourceTree = "<group>"; };
		ACF0B7981FB6FED900D24190 /* PostPlaceCell.xib */ = {isa = PBXFileReference; lastKnownFileType = file.xib; path = PostPlaceCell.xib; sourceTree = "<group>"; };
		ACF0B79B1FB7004200D24190 /* PostPlaceTableViewCell.swift */ = {isa = PBXFileReference; lastKnownFileType = sourcecode.swift; path = PostPlaceTableViewCell.swift; sourceTree = "<group>"; };
		FB34E28A7F1B5D95A559ABA3 /* Pods-StockWithPartnerUITests.debug.xcconfig */ = {isa = PBXFileReference; includeInIndex = 1; lastKnownFileType = text.xcconfig; name = "Pods-StockWithPartnerUITests.debug.xcconfig"; path = "Pods/Target Support Files/Pods-StockWithPartnerUITests/Pods-StockWithPartnerUITests.debug.xcconfig"; sourceTree = "<group>"; };
		FE58F50BB7AF1A19E7BE335C /* Pods_StockWithPartnerTests.framework */ = {isa = PBXFileReference; explicitFileType = wrapper.framework; includeInIndex = 0; path = Pods_StockWithPartnerTests.framework; sourceTree = BUILT_PRODUCTS_DIR; };
		FE695561C03FEBEB45EE45D8 /* Pods-StockWithPartnerUITests.release.xcconfig */ = {isa = PBXFileReference; includeInIndex = 1; lastKnownFileType = text.xcconfig; name = "Pods-StockWithPartnerUITests.release.xcconfig"; path = "Pods/Target Support Files/Pods-StockWithPartnerUITests/Pods-StockWithPartnerUITests.release.xcconfig"; sourceTree = "<group>"; };
/* End PBXFileReference section */

/* Begin PBXFrameworksBuildPhase section */
		AC4C5E541FB6EA57009A854C /* Frameworks */ = {
			isa = PBXFrameworksBuildPhase;
			buildActionMask = 2147483647;
			files = (
				BBA43F66F580D7CC65F92092 /* Pods_StockWithPartner.framework in Frameworks */,
			);
			runOnlyForDeploymentPostprocessing = 0;
		};
		AC4C5E681FB6EA57009A854C /* Frameworks */ = {
			isa = PBXFrameworksBuildPhase;
			buildActionMask = 2147483647;
			files = (
				469155951861FC0089626730 /* Pods_StockWithPartnerTests.framework in Frameworks */,
			);
			runOnlyForDeploymentPostprocessing = 0;
		};
		AC4C5E731FB6EA57009A854C /* Frameworks */ = {
			isa = PBXFrameworksBuildPhase;
			buildActionMask = 2147483647;
			files = (
				B627EA5288E564A6E4FB9CF0 /* Pods_StockWithPartnerUITests.framework in Frameworks */,
			);
			runOnlyForDeploymentPostprocessing = 0;
		};
/* End PBXFrameworksBuildPhase section */

/* Begin PBXGroup section */
		08133DE460170F4F0AF740D6 /* Frameworks */ = {
			isa = PBXGroup;
			children = (
				767B3EFAFBB958E0A16EE3D8 /* Pods_StockWithPartner.framework */,
				FE58F50BB7AF1A19E7BE335C /* Pods_StockWithPartnerTests.framework */,
				6B751BAA8797DE93E7879603 /* Pods_StockWithPartnerUITests.framework */,
			);
			name = Frameworks;
			sourceTree = "<group>";
		};
		3152082F0B11B9215144B936 /* Pods */ = {
			isa = PBXGroup;
			children = (
				08D0BA5FE3E9B8859C78F9B5 /* Pods-StockWithPartner.debug.xcconfig */,
				12C49EAC28678ECA9A196ADF /* Pods-StockWithPartner.release.xcconfig */,
				A0F2EEFEB21D4082763EBB19 /* Pods-StockWithPartnerTests.debug.xcconfig */,
				6DFDD5E8EC01FE03DB9E6B54 /* Pods-StockWithPartnerTests.release.xcconfig */,
				FB34E28A7F1B5D95A559ABA3 /* Pods-StockWithPartnerUITests.debug.xcconfig */,
				FE695561C03FEBEB45EE45D8 /* Pods-StockWithPartnerUITests.release.xcconfig */,
			);
			name = Pods;
			sourceTree = "<group>";
		};
		AC4C5E4E1FB6EA57009A854C = {
			isa = PBXGroup;
			children = (
				AC4C5E591FB6EA57009A854C /* StockWithPartner */,
				AC4C5E6E1FB6EA57009A854C /* StockWithPartnerTests */,
				AC4C5E791FB6EA57009A854C /* StockWithPartnerUITests */,
				AC4C5E581FB6EA57009A854C /* Products */,
				3152082F0B11B9215144B936 /* Pods */,
				08133DE460170F4F0AF740D6 /* Frameworks */,
			);
			sourceTree = "<group>";
		};
		AC4C5E581FB6EA57009A854C /* Products */ = {
			isa = PBXGroup;
			children = (
				AC4C5E571FB6EA57009A854C /* StockWithPartner.app */,
				AC4C5E6B1FB6EA57009A854C /* StockWithPartnerTests.xctest */,
				AC4C5E761FB6EA57009A854C /* StockWithPartnerUITests.xctest */,
			);
			name = Products;
			sourceTree = "<group>";
		};
		AC4C5E591FB6EA57009A854C /* StockWithPartner */ = {
			isa = PBXGroup;
			children = (
				ACF0B7701FB6F78600D24190 /* Models */,
				ACF0B7721FB6F79500D24190 /* Controllers */,
				ACF0B7711FB6F79000D24190 /* Views */,
				AC4C5E5A1FB6EA57009A854C /* AppDelegate.swift */,
				AC4C5E611FB6EA57009A854C /* Assets.xcassets */,
				AC4C5E631FB6EA57009A854C /* LaunchScreen.storyboard */,
				AC4C5E661FB6EA57009A854C /* Info.plist */,
				2EC548A61FB6F463003E3988 /* GoogleService-Info.plist */,
			);
			path = StockWithPartner;
			sourceTree = "<group>";
		};
		AC4C5E6E1FB6EA57009A854C /* StockWithPartnerTests */ = {
			isa = PBXGroup;
			children = (
				AC4C5E6F1FB6EA57009A854C /* StockWithPartnerTests.swift */,
				AC4C5E711FB6EA57009A854C /* Info.plist */,
			);
			path = StockWithPartnerTests;
			sourceTree = "<group>";
		};
		AC4C5E791FB6EA57009A854C /* StockWithPartnerUITests */ = {
			isa = PBXGroup;
			children = (
				AC4C5E7A1FB6EA57009A854C /* StockWithPartnerUITests.swift */,
				AC4C5E7C1FB6EA57009A854C /* Info.plist */,
			);
			path = StockWithPartnerUITests;
			sourceTree = "<group>";
		};
		ACF0B7701FB6F78600D24190 /* Models */ = {
			isa = PBXGroup;
			children = (
			);
			path = Models;
			sourceTree = "<group>";
		};
		ACF0B7711FB6F79000D24190 /* Views */ = {
			isa = PBXGroup;
			children = (
				ACF0B7971FB6FEAE00D24190 /* Cells */,
				ACF0B7731FB6F83900D24190 /* Login.storyboard */,
				ACF0B7931FB6FCC700D24190 /* Pair.storyboard */,
				AC4C5E5E1FB6EA57009A854C /* Main.storyboard */,
				ACF0B7851FB6F96700D24190 /* Home.storyboard */,
				ACF0B7771FB6F85700D24190 /* PostURL.storyboard */,
				ACF0B7791FB6F87A00D24190 /* PostDetail.storyboard */,
				ACF0B7871FB6F9BE00D24190 /* Setting.storyboard */,
			);
			path = Views;
			sourceTree = "<group>";
		};
		ACF0B7721FB6F79500D24190 /* Controllers */ = {
			isa = PBXGroup;
			children = (
				ACF0B79A1FB7002D00D24190 /* Cells */,
				ACF0B7811FB6F93000D24190 /* LoginViewController.swift */,
				ACF0B7951FB6FCD900D24190 /* PairViewController.swift */,
				ACF0B7891FB6FA8700D24190 /* MainTabBarController.swift */,
				ACF0B7911FB6FAEA00D24190 /* HomeViewController.swift */,
				ACF0B78B1FB6FAA500D24190 /* PostURLViewController.swift */,
				ACF0B78D1FB6FAB000D24190 /* PostDetailViewController.swift */,
				ACF0B78F1FB6FAB800D24190 /* SettingViewController.swift */,
			);
			path = Controllers;
			sourceTree = "<group>";
		};
		ACF0B7971FB6FEAE00D24190 /* Cells */ = {
			isa = PBXGroup;
			children = (
				ACF0B7981FB6FED900D24190 /* PostPlaceCell.xib */,
			);
			path = Cells;
			sourceTree = "<group>";
		};
		ACF0B79A1FB7002D00D24190 /* Cells */ = {
			isa = PBXGroup;
			children = (
				ACF0B79B1FB7004200D24190 /* PostPlaceTableViewCell.swift */,
			);
			path = Cells;
			sourceTree = "<group>";
		};
/* End PBXGroup section */

/* Begin PBXNativeTarget section */
		AC4C5E561FB6EA57009A854C /* StockWithPartner */ = {
			isa = PBXNativeTarget;
			buildConfigurationList = AC4C5E7F1FB6EA57009A854C /* Build configuration list for PBXNativeTarget "StockWithPartner" */;
			buildPhases = (
				920564B003C268180A7A811D /* [CP] Check Pods Manifest.lock */,
				AC4C5E531FB6EA57009A854C /* Sources */,
				AC4C5E541FB6EA57009A854C /* Frameworks */,
				AC4C5E551FB6EA57009A854C /* Resources */,
				E1089A72DEC6BFD55528B137 /* [CP] Embed Pods Frameworks */,
				6024A4620D5CCF63D36B884C /* [CP] Copy Pods Resources */,
			);
			buildRules = (
			);
			dependencies = (
			);
			name = StockWithPartner;
			productName = StockWithPartner;
			productReference = AC4C5E571FB6EA57009A854C /* StockWithPartner.app */;
			productType = "com.apple.product-type.application";
		};
		AC4C5E6A1FB6EA57009A854C /* StockWithPartnerTests */ = {
			isa = PBXNativeTarget;
			buildConfigurationList = AC4C5E821FB6EA57009A854C /* Build configuration list for PBXNativeTarget "StockWithPartnerTests" */;
			buildPhases = (
				D6EC77A57106665F2937696A /* [CP] Check Pods Manifest.lock */,
				AC4C5E671FB6EA57009A854C /* Sources */,
				AC4C5E681FB6EA57009A854C /* Frameworks */,
				AC4C5E691FB6EA57009A854C /* Resources */,
				526F3534F6B019E7F119F4B5 /* [CP] Embed Pods Frameworks */,
				B1CFD1037048C8723429D33C /* [CP] Copy Pods Resources */,
			);
			buildRules = (
			);
			dependencies = (
				AC4C5E6D1FB6EA57009A854C /* PBXTargetDependency */,
			);
			name = StockWithPartnerTests;
			productName = StockWithPartnerTests;
			productReference = AC4C5E6B1FB6EA57009A854C /* StockWithPartnerTests.xctest */;
			productType = "com.apple.product-type.bundle.unit-test";
		};
		AC4C5E751FB6EA57009A854C /* StockWithPartnerUITests */ = {
			isa = PBXNativeTarget;
			buildConfigurationList = AC4C5E851FB6EA57009A854C /* Build configuration list for PBXNativeTarget "StockWithPartnerUITests" */;
			buildPhases = (
				9F7C5BB4E8F0B09061A35348 /* [CP] Check Pods Manifest.lock */,
				AC4C5E721FB6EA57009A854C /* Sources */,
				AC4C5E731FB6EA57009A854C /* Frameworks */,
				AC4C5E741FB6EA57009A854C /* Resources */,
				1557D191EE54C242AB26FC4D /* [CP] Embed Pods Frameworks */,
				A45267A0AD83550403F463E2 /* [CP] Copy Pods Resources */,
			);
			buildRules = (
			);
			dependencies = (
				AC4C5E781FB6EA57009A854C /* PBXTargetDependency */,
			);
			name = StockWithPartnerUITests;
			productName = StockWithPartnerUITests;
			productReference = AC4C5E761FB6EA57009A854C /* StockWithPartnerUITests.xctest */;
			productType = "com.apple.product-type.bundle.ui-testing";
		};
/* End PBXNativeTarget section */

/* Begin PBXProject section */
		AC4C5E4F1FB6EA57009A854C /* Project object */ = {
			isa = PBXProject;
			attributes = {
				LastSwiftUpdateCheck = 0910;
				LastUpgradeCheck = 0910;
				ORGANIZATIONNAME = FlyingAroundBottle;
				TargetAttributes = {
					AC4C5E561FB6EA57009A854C = {
						CreatedOnToolsVersion = 9.1;
						ProvisioningStyle = Automatic;
					};
					AC4C5E6A1FB6EA57009A854C = {
						CreatedOnToolsVersion = 9.1;
						ProvisioningStyle = Automatic;
						TestTargetID = AC4C5E561FB6EA57009A854C;
					};
					AC4C5E751FB6EA57009A854C = {
						CreatedOnToolsVersion = 9.1;
						ProvisioningStyle = Automatic;
						TestTargetID = AC4C5E561FB6EA57009A854C;
					};
				};
			};
			buildConfigurationList = AC4C5E521FB6EA57009A854C /* Build configuration list for PBXProject "StockWithPartner" */;
			compatibilityVersion = "Xcode 8.0";
			developmentRegion = en;
			hasScannedForEncodings = 0;
			knownRegions = (
				en,
				Base,
			);
			mainGroup = AC4C5E4E1FB6EA57009A854C;
			productRefGroup = AC4C5E581FB6EA57009A854C /* Products */;
			projectDirPath = "";
			projectRoot = "";
			targets = (
				AC4C5E561FB6EA57009A854C /* StockWithPartner */,
				AC4C5E6A1FB6EA57009A854C /* StockWithPartnerTests */,
				AC4C5E751FB6EA57009A854C /* StockWithPartnerUITests */,
			);
		};
/* End PBXProject section */

/* Begin PBXResourcesBuildPhase section */
		AC4C5E551FB6EA57009A854C /* Resources */ = {
			isa = PBXResourcesBuildPhase;
			buildActionMask = 2147483647;
			files = (
				AC4C5E651FB6EA57009A854C /* LaunchScreen.storyboard in Resources */,
				ACF0B7861FB6F96700D24190 /* Home.storyboard in Resources */,
				ACF0B7941FB6FCC700D24190 /* Pair.storyboard in Resources */,
				2EC548A71FB6F463003E3988 /* GoogleService-Info.plist in Resources */,
				AC4C5E621FB6EA57009A854C /* Assets.xcassets in Resources */,
				ACF0B7781FB6F85700D24190 /* PostURL.storyboard in Resources */,
				ACF0B77A1FB6F87A00D24190 /* PostDetail.storyboard in Resources */,
				ACF0B7991FB6FED900D24190 /* PostPlaceCell.xib in Resources */,
				ACF0B7881FB6F9BE00D24190 /* Setting.storyboard in Resources */,
				ACF0B7741FB6F83900D24190 /* Login.storyboard in Resources */,
				AC4C5E601FB6EA57009A854C /* Main.storyboard in Resources */,
			);
			runOnlyForDeploymentPostprocessing = 0;
		};
		AC4C5E691FB6EA57009A854C /* Resources */ = {
			isa = PBXResourcesBuildPhase;
			buildActionMask = 2147483647;
			files = (
			);
			runOnlyForDeploymentPostprocessing = 0;
		};
		AC4C5E741FB6EA57009A854C /* Resources */ = {
			isa = PBXResourcesBuildPhase;
			buildActionMask = 2147483647;
			files = (
			);
			runOnlyForDeploymentPostprocessing = 0;
		};
/* End PBXResourcesBuildPhase section */

/* Begin PBXShellScriptBuildPhase section */
		1557D191EE54C242AB26FC4D /* [CP] Embed Pods Frameworks */ = {
			isa = PBXShellScriptBuildPhase;
			buildActionMask = 2147483647;
			files = (
			);
			inputPaths = (
			);
			name = "[CP] Embed Pods Frameworks";
			outputPaths = (
			);
			runOnlyForDeploymentPostprocessing = 0;
			shellPath = /bin/sh;
			shellScript = "\"${SRCROOT}/Pods/Target Support Files/Pods-StockWithPartnerUITests/Pods-StockWithPartnerUITests-frameworks.sh\"\n";
			showEnvVarsInLog = 0;
		};
		526F3534F6B019E7F119F4B5 /* [CP] Embed Pods Frameworks */ = {
			isa = PBXShellScriptBuildPhase;
			buildActionMask = 2147483647;
			files = (
			);
			inputPaths = (
			);
			name = "[CP] Embed Pods Frameworks";
			outputPaths = (
			);
			runOnlyForDeploymentPostprocessing = 0;
			shellPath = /bin/sh;
			shellScript = "\"${SRCROOT}/Pods/Target Support Files/Pods-StockWithPartnerTests/Pods-StockWithPartnerTests-frameworks.sh\"\n";
			showEnvVarsInLog = 0;
		};
		6024A4620D5CCF63D36B884C /* [CP] Copy Pods Resources */ = {
			isa = PBXShellScriptBuildPhase;
			buildActionMask = 2147483647;
			files = (
			);
			inputPaths = (
			);
			name = "[CP] Copy Pods Resources";
			outputPaths = (
			);
			runOnlyForDeploymentPostprocessing = 0;
			shellPath = /bin/sh;
			shellScript = "\"${SRCROOT}/Pods/Target Support Files/Pods-StockWithPartner/Pods-StockWithPartner-resources.sh\"\n";
			showEnvVarsInLog = 0;
		};
		920564B003C268180A7A811D /* [CP] Check Pods Manifest.lock */ = {
			isa = PBXShellScriptBuildPhase;
			buildActionMask = 2147483647;
			files = (
			);
			inputPaths = (
				"${PODS_PODFILE_DIR_PATH}/Podfile.lock",
				"${PODS_ROOT}/Manifest.lock",
			);
			name = "[CP] Check Pods Manifest.lock";
			outputPaths = (
				"$(DERIVED_FILE_DIR)/Pods-StockWithPartner-checkManifestLockResult.txt",
			);
			runOnlyForDeploymentPostprocessing = 0;
			shellPath = /bin/sh;
			shellScript = "diff \"${PODS_PODFILE_DIR_PATH}/Podfile.lock\" \"${PODS_ROOT}/Manifest.lock\" > /dev/null\nif [ $? != 0 ] ; then\n    # print error to STDERR\n    echo \"error: The sandbox is not in sync with the Podfile.lock. Run 'pod install' or update your CocoaPods installation.\" >&2\n    exit 1\nfi\n# This output is used by Xcode 'outputs' to avoid re-running this script phase.\necho \"SUCCESS\" > \"${SCRIPT_OUTPUT_FILE_0}\"\n";
			showEnvVarsInLog = 0;
		};
		9F7C5BB4E8F0B09061A35348 /* [CP] Check Pods Manifest.lock */ = {
			isa = PBXShellScriptBuildPhase;
			buildActionMask = 2147483647;
			files = (
			);
			inputPaths = (
				"${PODS_PODFILE_DIR_PATH}/Podfile.lock",
				"${PODS_ROOT}/Manifest.lock",
			);
			name = "[CP] Check Pods Manifest.lock";
			outputPaths = (
				"$(DERIVED_FILE_DIR)/Pods-StockWithPartnerUITests-checkManifestLockResult.txt",
			);
			runOnlyForDeploymentPostprocessing = 0;
			shellPath = /bin/sh;
			shellScript = "diff \"${PODS_PODFILE_DIR_PATH}/Podfile.lock\" \"${PODS_ROOT}/Manifest.lock\" > /dev/null\nif [ $? != 0 ] ; then\n    # print error to STDERR\n    echo \"error: The sandbox is not in sync with the Podfile.lock. Run 'pod install' or update your CocoaPods installation.\" >&2\n    exit 1\nfi\n# This output is used by Xcode 'outputs' to avoid re-running this script phase.\necho \"SUCCESS\" > \"${SCRIPT_OUTPUT_FILE_0}\"\n";
			showEnvVarsInLog = 0;
		};
		A45267A0AD83550403F463E2 /* [CP] Copy Pods Resources */ = {
			isa = PBXShellScriptBuildPhase;
			buildActionMask = 2147483647;
			files = (
			);
			inputPaths = (
			);
			name = "[CP] Copy Pods Resources";
			outputPaths = (
			);
			runOnlyForDeploymentPostprocessing = 0;
			shellPath = /bin/sh;
			shellScript = "\"${SRCROOT}/Pods/Target Support Files/Pods-StockWithPartnerUITests/Pods-StockWithPartnerUITests-resources.sh\"\n";
			showEnvVarsInLog = 0;
		};
		B1CFD1037048C8723429D33C /* [CP] Copy Pods Resources */ = {
			isa = PBXShellScriptBuildPhase;
			buildActionMask = 2147483647;
			files = (
			);
			inputPaths = (
			);
			name = "[CP] Copy Pods Resources";
			outputPaths = (
			);
			runOnlyForDeploymentPostprocessing = 0;
			shellPath = /bin/sh;
			shellScript = "\"${SRCROOT}/Pods/Target Support Files/Pods-StockWithPartnerTests/Pods-StockWithPartnerTests-resources.sh\"\n";
			showEnvVarsInLog = 0;
		};
		D6EC77A57106665F2937696A /* [CP] Check Pods Manifest.lock */ = {
			isa = PBXShellScriptBuildPhase;
			buildActionMask = 2147483647;
			files = (
			);
			inputPaths = (
				"${PODS_PODFILE_DIR_PATH}/Podfile.lock",
				"${PODS_ROOT}/Manifest.lock",
			);
			name = "[CP] Check Pods Manifest.lock";
			outputPaths = (
				"$(DERIVED_FILE_DIR)/Pods-StockWithPartnerTests-checkManifestLockResult.txt",
			);
			runOnlyForDeploymentPostprocessing = 0;
			shellPath = /bin/sh;
			shellScript = "diff \"${PODS_PODFILE_DIR_PATH}/Podfile.lock\" \"${PODS_ROOT}/Manifest.lock\" > /dev/null\nif [ $? != 0 ] ; then\n    # print error to STDERR\n    echo \"error: The sandbox is not in sync with the Podfile.lock. Run 'pod install' or update your CocoaPods installation.\" >&2\n    exit 1\nfi\n# This output is used by Xcode 'outputs' to avoid re-running this script phase.\necho \"SUCCESS\" > \"${SCRIPT_OUTPUT_FILE_0}\"\n";
			showEnvVarsInLog = 0;
		};
		E1089A72DEC6BFD55528B137 /* [CP] Embed Pods Frameworks */ = {
			isa = PBXShellScriptBuildPhase;
			buildActionMask = 2147483647;
			files = (
			);
			inputPaths = (
				"${SRCROOT}/Pods/Target Support Files/Pods-StockWithPartner/Pods-StockWithPartner-frameworks.sh",
				"${BUILT_PRODUCTS_DIR}/GoogleToolboxForMac/GoogleToolboxForMac.framework",
				"${BUILT_PRODUCTS_DIR}/nanopb/nanopb.framework",
			);
			name = "[CP] Embed Pods Frameworks";
			outputPaths = (
				"${TARGET_BUILD_DIR}/${FRAMEWORKS_FOLDER_PATH}/GoogleToolboxForMac.framework",
				"${TARGET_BUILD_DIR}/${FRAMEWORKS_FOLDER_PATH}/nanopb.framework",
			);
			runOnlyForDeploymentPostprocessing = 0;
			shellPath = /bin/sh;
			shellScript = "\"${SRCROOT}/Pods/Target Support Files/Pods-StockWithPartner/Pods-StockWithPartner-frameworks.sh\"\n";
			showEnvVarsInLog = 0;
		};
/* End PBXShellScriptBuildPhase section */

/* Begin PBXSourcesBuildPhase section */
		AC4C5E531FB6EA57009A854C /* Sources */ = {
			isa = PBXSourcesBuildPhase;
			buildActionMask = 2147483647;
			files = (
				ACF0B7821FB6F93000D24190 /* LoginViewController.swift in Sources */,
				ACF0B78E1FB6FAB000D24190 /* PostDetailViewController.swift in Sources */,
				AC4C5E5B1FB6EA57009A854C /* AppDelegate.swift in Sources */,
				ACF0B79C1FB7004200D24190 /* PostPlaceTableViewCell.swift in Sources */,
				ACF0B7921FB6FAEA00D24190 /* HomeViewController.swift in Sources */,
				ACF0B78A1FB6FA8700D24190 /* MainTabBarController.swift in Sources */,
				ACF0B7901FB6FAB800D24190 /* SettingViewController.swift in Sources */,
				ACF0B7961FB6FCD900D24190 /* PairViewController.swift in Sources */,
				ACF0B78C1FB6FAA500D24190 /* PostURLViewController.swift in Sources */,
			);
			runOnlyForDeploymentPostprocessing = 0;
		};
		AC4C5E671FB6EA57009A854C /* Sources */ = {
			isa = PBXSourcesBuildPhase;
			buildActionMask = 2147483647;
			files = (
				AC4C5E701FB6EA57009A854C /* StockWithPartnerTests.swift in Sources */,
			);
			runOnlyForDeploymentPostprocessing = 0;
		};
		AC4C5E721FB6EA57009A854C /* Sources */ = {
			isa = PBXSourcesBuildPhase;
			buildActionMask = 2147483647;
			files = (
				AC4C5E7B1FB6EA57009A854C /* StockWithPartnerUITests.swift in Sources */,
			);
			runOnlyForDeploymentPostprocessing = 0;
		};
/* End PBXSourcesBuildPhase section */

/* Begin PBXTargetDependency section */
		AC4C5E6D1FB6EA57009A854C /* PBXTargetDependency */ = {
			isa = PBXTargetDependency;
			target = AC4C5E561FB6EA57009A854C /* StockWithPartner */;
			targetProxy = AC4C5E6C1FB6EA57009A854C /* PBXContainerItemProxy */;
		};
		AC4C5E781FB6EA57009A854C /* PBXTargetDependency */ = {
			isa = PBXTargetDependency;
			target = AC4C5E561FB6EA57009A854C /* StockWithPartner */;
			targetProxy = AC4C5E771FB6EA57009A854C /* PBXContainerItemProxy */;
		};
/* End PBXTargetDependency section */

/* Begin PBXVariantGroup section */
		AC4C5E5E1FB6EA57009A854C /* Main.storyboard */ = {
			isa = PBXVariantGroup;
			children = (
				AC4C5E5F1FB6EA57009A854C /* Base */,
			);
			name = Main.storyboard;
			sourceTree = "<group>";
		};
		AC4C5E631FB6EA57009A854C /* LaunchScreen.storyboard */ = {
			isa = PBXVariantGroup;
			children = (
				AC4C5E641FB6EA57009A854C /* Base */,
			);
			name = LaunchScreen.storyboard;
			sourceTree = "<group>";
		};
/* End PBXVariantGroup section */

/* Begin XCBuildConfiguration section */
		AC4C5E7D1FB6EA57009A854C /* Debug */ = {
			isa = XCBuildConfiguration;
			buildSettings = {
				ALWAYS_SEARCH_USER_PATHS = NO;
				CLANG_ANALYZER_NONNULL = YES;
				CLANG_ANALYZER_NUMBER_OBJECT_CONVERSION = YES_AGGRESSIVE;
				CLANG_CXX_LANGUAGE_STANDARD = "gnu++14";
				CLANG_CXX_LIBRARY = "libc++";
				CLANG_ENABLE_MODULES = YES;
				CLANG_ENABLE_OBJC_ARC = YES;
				CLANG_WARN_BLOCK_CAPTURE_AUTORELEASING = YES;
				CLANG_WARN_BOOL_CONVERSION = YES;
				CLANG_WARN_COMMA = YES;
				CLANG_WARN_CONSTANT_CONVERSION = YES;
				CLANG_WARN_DIRECT_OBJC_ISA_USAGE = YES_ERROR;
				CLANG_WARN_DOCUMENTATION_COMMENTS = YES;
				CLANG_WARN_EMPTY_BODY = YES;
				CLANG_WARN_ENUM_CONVERSION = YES;
				CLANG_WARN_INFINITE_RECURSION = YES;
				CLANG_WARN_INT_CONVERSION = YES;
				CLANG_WARN_NON_LITERAL_NULL_CONVERSION = YES;
				CLANG_WARN_OBJC_LITERAL_CONVERSION = YES;
				CLANG_WARN_OBJC_ROOT_CLASS = YES_ERROR;
				CLANG_WARN_RANGE_LOOP_ANALYSIS = YES;
				CLANG_WARN_STRICT_PROTOTYPES = YES;
				CLANG_WARN_SUSPICIOUS_MOVE = YES;
				CLANG_WARN_UNGUARDED_AVAILABILITY = YES_AGGRESSIVE;
				CLANG_WARN_UNREACHABLE_CODE = YES;
				CLANG_WARN__DUPLICATE_METHOD_MATCH = YES;
				CODE_SIGN_IDENTITY = "iPhone Developer";
				COPY_PHASE_STRIP = NO;
				DEBUG_INFORMATION_FORMAT = dwarf;
				ENABLE_STRICT_OBJC_MSGSEND = YES;
				ENABLE_TESTABILITY = YES;
				GCC_C_LANGUAGE_STANDARD = gnu11;
				GCC_DYNAMIC_NO_PIC = NO;
				GCC_NO_COMMON_BLOCKS = YES;
				GCC_OPTIMIZATION_LEVEL = 0;
				GCC_PREPROCESSOR_DEFINITIONS = (
					"DEBUG=1",
					"$(inherited)",
				);
				GCC_WARN_64_TO_32_BIT_CONVERSION = YES;
				GCC_WARN_ABOUT_RETURN_TYPE = YES_ERROR;
				GCC_WARN_UNDECLARED_SELECTOR = YES;
				GCC_WARN_UNINITIALIZED_AUTOS = YES_AGGRESSIVE;
				GCC_WARN_UNUSED_FUNCTION = YES;
				GCC_WARN_UNUSED_VARIABLE = YES;
				IPHONEOS_DEPLOYMENT_TARGET = 11.1;
				MTL_ENABLE_DEBUG_INFO = YES;
				ONLY_ACTIVE_ARCH = YES;
				SDKROOT = iphoneos;
				SWIFT_ACTIVE_COMPILATION_CONDITIONS = DEBUG;
				SWIFT_OPTIMIZATION_LEVEL = "-Onone";
			};
			name = Debug;
		};
		AC4C5E7E1FB6EA57009A854C /* Release */ = {
			isa = XCBuildConfiguration;
			buildSettings = {
				ALWAYS_SEARCH_USER_PATHS = NO;
				CLANG_ANALYZER_NONNULL = YES;
				CLANG_ANALYZER_NUMBER_OBJECT_CONVERSION = YES_AGGRESSIVE;
				CLANG_CXX_LANGUAGE_STANDARD = "gnu++14";
				CLANG_CXX_LIBRARY = "libc++";
				CLANG_ENABLE_MODULES = YES;
				CLANG_ENABLE_OBJC_ARC = YES;
				CLANG_WARN_BLOCK_CAPTURE_AUTORELEASING = YES;
				CLANG_WARN_BOOL_CONVERSION = YES;
				CLANG_WARN_COMMA = YES;
				CLANG_WARN_CONSTANT_CONVERSION = YES;
				CLANG_WARN_DIRECT_OBJC_ISA_USAGE = YES_ERROR;
				CLANG_WARN_DOCUMENTATION_COMMENTS = YES;
				CLANG_WARN_EMPTY_BODY = YES;
				CLANG_WARN_ENUM_CONVERSION = YES;
				CLANG_WARN_INFINITE_RECURSION = YES;
				CLANG_WARN_INT_CONVERSION = YES;
				CLANG_WARN_NON_LITERAL_NULL_CONVERSION = YES;
				CLANG_WARN_OBJC_LITERAL_CONVERSION = YES;
				CLANG_WARN_OBJC_ROOT_CLASS = YES_ERROR;
				CLANG_WARN_RANGE_LOOP_ANALYSIS = YES;
				CLANG_WARN_STRICT_PROTOTYPES = YES;
				CLANG_WARN_SUSPICIOUS_MOVE = YES;
				CLANG_WARN_UNGUARDED_AVAILABILITY = YES_AGGRESSIVE;
				CLANG_WARN_UNREACHABLE_CODE = YES;
				CLANG_WARN__DUPLICATE_METHOD_MATCH = YES;
				CODE_SIGN_IDENTITY = "iPhone Developer";
				COPY_PHASE_STRIP = NO;
				DEBUG_INFORMATION_FORMAT = "dwarf-with-dsym";
				ENABLE_NS_ASSERTIONS = NO;
				ENABLE_STRICT_OBJC_MSGSEND = YES;
				GCC_C_LANGUAGE_STANDARD = gnu11;
				GCC_NO_COMMON_BLOCKS = YES;
				GCC_WARN_64_TO_32_BIT_CONVERSION = YES;
				GCC_WARN_ABOUT_RETURN_TYPE = YES_ERROR;
				GCC_WARN_UNDECLARED_SELECTOR = YES;
				GCC_WARN_UNINITIALIZED_AUTOS = YES_AGGRESSIVE;
				GCC_WARN_UNUSED_FUNCTION = YES;
				GCC_WARN_UNUSED_VARIABLE = YES;
				IPHONEOS_DEPLOYMENT_TARGET = 11.1;
				MTL_ENABLE_DEBUG_INFO = NO;
				SDKROOT = iphoneos;
				SWIFT_OPTIMIZATION_LEVEL = "-Owholemodule";
				VALIDATE_PRODUCT = YES;
			};
			name = Release;
		};
		AC4C5E801FB6EA57009A854C /* Debug */ = {
			isa = XCBuildConfiguration;
			baseConfigurationReference = 08D0BA5FE3E9B8859C78F9B5 /* Pods-StockWithPartner.debug.xcconfig */;
			buildSettings = {
				ASSETCATALOG_COMPILER_APPICON_NAME = AppIcon;
				CODE_SIGN_STYLE = Automatic;
				DEVELOPMENT_TEAM = BBE3B2JF2K;
				INFOPLIST_FILE = StockWithPartner/Info.plist;
				IPHONEOS_DEPLOYMENT_TARGET = 10;
				LD_RUNPATH_SEARCH_PATHS = "$(inherited) @executable_path/Frameworks";
				PRODUCT_BUNDLE_IDENTIFIER = bottle.around.flying.StockWithPartner;
				PRODUCT_NAME = "$(TARGET_NAME)";
				SWIFT_VERSION = 4.0;
				TARGETED_DEVICE_FAMILY = "1,2";
			};
			name = Debug;
		};
		AC4C5E811FB6EA57009A854C /* Release */ = {
			isa = XCBuildConfiguration;
			baseConfigurationReference = 12C49EAC28678ECA9A196ADF /* Pods-StockWithPartner.release.xcconfig */;
			buildSettings = {
				ASSETCATALOG_COMPILER_APPICON_NAME = AppIcon;
				CODE_SIGN_STYLE = Automatic;
				DEVELOPMENT_TEAM = BBE3B2JF2K;
				INFOPLIST_FILE = StockWithPartner/Info.plist;
				IPHONEOS_DEPLOYMENT_TARGET = 10;
				LD_RUNPATH_SEARCH_PATHS = "$(inherited) @executable_path/Frameworks";
				PRODUCT_BUNDLE_IDENTIFIER = bottle.around.flying.StockWithPartner;
				PRODUCT_NAME = "$(TARGET_NAME)";
				SWIFT_VERSION = 4.0;
				TARGETED_DEVICE_FAMILY = "1,2";
			};
			name = Release;
		};
		AC4C5E831FB6EA57009A854C /* Debug */ = {
			isa = XCBuildConfiguration;
			baseConfigurationReference = A0F2EEFEB21D4082763EBB19 /* Pods-StockWithPartnerTests.debug.xcconfig */;
			buildSettings = {
				ALWAYS_EMBED_SWIFT_STANDARD_LIBRARIES = YES;
				BUNDLE_LOADER = "$(TEST_HOST)";
				CODE_SIGN_STYLE = Automatic;
				DEVELOPMENT_TEAM = BBE3B2JF2K;
				INFOPLIST_FILE = StockWithPartnerTests/Info.plist;
				LD_RUNPATH_SEARCH_PATHS = "$(inherited) @executable_path/Frameworks @loader_path/Frameworks";
				PRODUCT_BUNDLE_IDENTIFIER = bottle.around.flying.StockWithPartnerTests;
				PRODUCT_NAME = "$(TARGET_NAME)";
				SWIFT_VERSION = 4.0;
				TARGETED_DEVICE_FAMILY = "1,2";
				TEST_HOST = "$(BUILT_PRODUCTS_DIR)/StockWithPartner.app/StockWithPartner";
			};
			name = Debug;
		};
		AC4C5E841FB6EA57009A854C /* Release */ = {
			isa = XCBuildConfiguration;
			baseConfigurationReference = 6DFDD5E8EC01FE03DB9E6B54 /* Pods-StockWithPartnerTests.release.xcconfig */;
			buildSettings = {
				ALWAYS_EMBED_SWIFT_STANDARD_LIBRARIES = YES;
				BUNDLE_LOADER = "$(TEST_HOST)";
				CODE_SIGN_STYLE = Automatic;
				DEVELOPMENT_TEAM = BBE3B2JF2K;
				INFOPLIST_FILE = StockWithPartnerTests/Info.plist;
				LD_RUNPATH_SEARCH_PATHS = "$(inherited) @executable_path/Frameworks @loader_path/Frameworks";
				PRODUCT_BUNDLE_IDENTIFIER = bottle.around.flying.StockWithPartnerTests;
				PRODUCT_NAME = "$(TARGET_NAME)";
				SWIFT_VERSION = 4.0;
				TARGETED_DEVICE_FAMILY = "1,2";
				TEST_HOST = "$(BUILT_PRODUCTS_DIR)/StockWithPartner.app/StockWithPartner";
			};
			name = Release;
		};
		AC4C5E861FB6EA57009A854C /* Debug */ = {
			isa = XCBuildConfiguration;
			baseConfigurationReference = FB34E28A7F1B5D95A559ABA3 /* Pods-StockWithPartnerUITests.debug.xcconfig */;
			buildSettings = {
				ALWAYS_EMBED_SWIFT_STANDARD_LIBRARIES = YES;
				CODE_SIGN_STYLE = Automatic;
				DEVELOPMENT_TEAM = BBE3B2JF2K;
				INFOPLIST_FILE = StockWithPartnerUITests/Info.plist;
				LD_RUNPATH_SEARCH_PATHS = "$(inherited) @executable_path/Frameworks @loader_path/Frameworks";
				PRODUCT_BUNDLE_IDENTIFIER = bottle.around.flying.StockWithPartnerUITests;
				PRODUCT_NAME = "$(TARGET_NAME)";
				SWIFT_VERSION = 4.0;
				TARGETED_DEVICE_FAMILY = "1,2";
				TEST_TARGET_NAME = StockWithPartner;
			};
			name = Debug;
		};
		AC4C5E871FB6EA57009A854C /* Release */ = {
			isa = XCBuildConfiguration;
			baseConfigurationReference = FE695561C03FEBEB45EE45D8 /* Pods-StockWithPartnerUITests.release.xcconfig */;
			buildSettings = {
				ALWAYS_EMBED_SWIFT_STANDARD_LIBRARIES = YES;
				CODE_SIGN_STYLE = Automatic;
				DEVELOPMENT_TEAM = BBE3B2JF2K;
				INFOPLIST_FILE = StockWithPartnerUITests/Info.plist;
				LD_RUNPATH_SEARCH_PATHS = "$(inherited) @executable_path/Frameworks @loader_path/Frameworks";
				PRODUCT_BUNDLE_IDENTIFIER = bottle.around.flying.StockWithPartnerUITests;
				PRODUCT_NAME = "$(TARGET_NAME)";
				SWIFT_VERSION = 4.0;
				TARGETED_DEVICE_FAMILY = "1,2";
				TEST_TARGET_NAME = StockWithPartner;
			};
			name = Release;
		};
/* End XCBuildConfiguration section */

/* Begin XCConfigurationList section */
		AC4C5E521FB6EA57009A854C /* Build configuration list for PBXProject "StockWithPartner" */ = {
			isa = XCConfigurationList;
			buildConfigurations = (
				AC4C5E7D1FB6EA57009A854C /* Debug */,
				AC4C5E7E1FB6EA57009A854C /* Release */,
			);
			defaultConfigurationIsVisible = 0;
			defaultConfigurationName = Release;
		};
		AC4C5E7F1FB6EA57009A854C /* Build configuration list for PBXNativeTarget "StockWithPartner" */ = {
			isa = XCConfigurationList;
			buildConfigurations = (
				AC4C5E801FB6EA57009A854C /* Debug */,
				AC4C5E811FB6EA57009A854C /* Release */,
			);
			defaultConfigurationIsVisible = 0;
			defaultConfigurationName = Release;
		};
		AC4C5E821FB6EA57009A854C /* Build configuration list for PBXNativeTarget "StockWithPartnerTests" */ = {
			isa = XCConfigurationList;
			buildConfigurations = (
				AC4C5E831FB6EA57009A854C /* Debug */,
				AC4C5E841FB6EA57009A854C /* Release */,
			);
			defaultConfigurationIsVisible = 0;
			defaultConfigurationName = Release;
		};
		AC4C5E851FB6EA57009A854C /* Build configuration list for PBXNativeTarget "StockWithPartnerUITests" */ = {
			isa = XCConfigurationList;
			buildConfigurations = (
				AC4C5E861FB6EA57009A854C /* Debug */,
				AC4C5E871FB6EA57009A854C /* Release */,
			);
			defaultConfigurationIsVisible = 0;
			defaultConfigurationName = Release;
		};
/* End XCConfigurationList section */
	};
	rootObject = AC4C5E4F1FB6EA57009A854C /* Project object */;
}
